
Microsoft Visual Studio Solution File, Format Version 12.00
# Visual Studio 15
VisualStudioVersion = 15.0.27004.2008
MinimumVisualStudioVersion = 10.0.40219.1
Project("{FAE04EC0-301F-11D3-BF4B-00C04F79EFBC}") = "RegistrationConsoleApp", "RegistrationConsoleApp\RegistrationConsoleApp.csproj", "{3C98AEC6-5B69-433F-B262-28A0506C68DA}"
EndProject
Global
	GlobalSection(SolutionConfigurationPlatforms) = preSolution
		Debug|Any CPU = Debug|Any CPU
		Release|Any CPU = Release|Any CPU
	EndGlobalSection
	GlobalSection(ProjectConfigurationPlatforms) = postSolution
		{3C98AEC6-5B69-433F-B262-28A0506C68DA}.Debug|Any CPU.ActiveCfg = Debug|Any CPU
		{3C98AEC6-5B69-433F-B262-28A0506C68DA}.Debug|Any CPU.Build.0 = Debug|Any CPU
		{3C98AEC6-5B69-433F-B262-28A0506C68DA}.Release|Any CPU.ActiveCfg = Release|Any CPU
		{3C98AEC6-5B69-433F-B262-28A0506C68DA}.Release|Any CPU.Build.0 = Release|Any CPU
	EndGlobalSection
	GlobalSection(SolutionProperties) = preSolution
		HideSolutionNode = FALSE
	EndGlobalSection
	GlobalSection(ExtensibilityGlobals) = postSolution
		SolutionGuid = {1A429630-0650-4740-9F29-9E6C54E2BBDC}
	EndGlobalSection
EndGlobal
